
Microsoft Visual Studio Solution File, Format Version 12.00
# Visual Studio Version 17
VisualStudioVersion = 17.2.32616.157
MinimumVisualStudioVersion = 10.0.40219.1
Project("{9A19103F-16F7-4668-BE54-9A1E7A4F7556}") = "WebApplication", "WebApplication\WebApplication.csproj", "{1713AC5A-31D5-4E36-8BB5-039F90D113C5}"
EndProject
Project("{FAE04EC0-301F-11D3-BF4B-00C04F79EFBC}") = "WCFService", "WCFService\WCFService.csproj", "{84F64E9D-7F18-407A-8160-56DB8AA7EE2B}"
EndProject
Global
	GlobalSection(SolutionConfigurationPlatforms) = preSolution
		Debug|Any CPU = Debug|Any CPU
		Release|Any CPU = Release|Any CPU
	EndGlobalSection
	GlobalSection(ProjectConfigurationPlatforms) = postSolution
		{1713AC5A-31D5-4E36-8BB5-039F90D113C5}.Debug|Any CPU.ActiveCfg = Debug|Any CPU
		{1713AC5A-31D5-4E36-8BB5-039F90D113C5}.Debug|Any CPU.Build.0 = Debug|Any CPU
		{1713AC5A-31D5-4E36-8BB5-039F90D113C5}.Release|Any CPU.ActiveCfg = Release|Any CPU
		{1713AC5A-31D5-4E36-8BB5-039F90D113C5}.Release|Any CPU.Build.0 = Release|Any CPU
		{84F64E9D-7F18-407A-8160-56DB8AA7EE2B}.Debug|Any CPU.ActiveCfg = Debug|Any CPU
		{84F64E9D-7F18-407A-8160-56DB8AA7EE2B}.Debug|Any CPU.Build.0 = Debug|Any CPU
		{84F64E9D-7F18-407A-8160-56DB8AA7EE2B}.Release|Any CPU.ActiveCfg = Release|Any CPU
		{84F64E9D-7F18-407A-8160-56DB8AA7EE2B}.Release|Any CPU.Build.0 = Release|Any CPU
	EndGlobalSection
	GlobalSection(SolutionProperties) = preSolution
		HideSolutionNode = FALSE
	EndGlobalSection
	GlobalSection(ExtensibilityGlobals) = postSolution
		SolutionGuid = {8662100F-04A8-4129-B26B-1E2DDBB8632E}
	EndGlobalSection
EndGlobal
